
Microsoft Visual Studio Solution File, Format Version 12.00
# Visual Studio Version 17
VisualStudioVersion = 17.6.33829.357
MinimumVisualStudioVersion = 10.0.40219.1
Project("{9A19103F-16F7-4668-BE54-9A1E7A4F7556}") = "Calculator.ConsoleApp", "Calculator.ConsoleApp\Calculator.ConsoleApp.csproj", "{45F9DFD5-7278-44E9-8EE8-CAA2997A487A}"
EndProject
Project("{9A19103F-16F7-4668-BE54-9A1E7A4F7556}") = "WelcomeApp.Homework.ConsoleApp", "WelcomeApp.Homework.ConsoleApp\WelcomeApp.Homework.ConsoleApp.csproj", "{B9320DB2-21D1-4692-ADAD-1371AEB9F407}"
EndProject
Project("{9A19103F-16F7-4668-BE54-9A1E7A4F7556}") = "RandomNumber.Homework.ConsoleApp", "RandomNumber.Homework.ConsoleApp\RandomNumber.Homework.ConsoleApp.csproj", "{43627555-E534-4B48-A830-AA664ACF81C4}"
EndProject
Project("{9A19103F-16F7-4668-BE54-9A1E7A4F7556}") = "EvenOrOdd.Homework.ConsoleApp", "EvenOrOdd.Homework.ConsoleApp\EvenOrOdd.Homework.ConsoleApp.csproj", "{0BD31662-5CDA-455D-9523-F7D92685A0FE}"
EndProject
Project("{9A19103F-16F7-4668-BE54-9A1E7A4F7556}") = "FizzBuzz.Homework.ConsoleApp", "FizzBuzz.Homework.ConsoleApp\FizzBuzz.Homework.ConsoleApp.csproj", "{4E73B596-73D1-403A-9122-1C459F1F420E}"
EndProject
Project("{9A19103F-16F7-4668-BE54-9A1E7A4F7556}") = "StudentsDiary.WinFormsApp", "StudentsDiary.WinFormsApp\StudentsDiary.WinFormsApp.csproj", "{C0C2FB2E-01C2-4EAE-A829-6CE83BDC4A1F}"
EndProject
Project("{9A19103F-16F7-4668-BE54-9A1E7A4F7556}") = "PictureViewer.Homework.WinFormsApp", "PictureViewer.Homework.WinFormsApp\PictureViewer.Homework.WinFormsApp.csproj", "{F149AF7D-5CD2-4F58-94C7-A501DC900E75}"
EndProject
Project("{FAE04EC0-301F-11D3-BF4B-00C04F79EFBC}") = "StudentsDiary.WpfApp", "StudentsDiary.WpfApp\StudentsDiary.WpfApp.csproj", "{C89D6652-995A-48BE-B459-7616E2C224A0}"
EndProject
Global
	GlobalSection(SolutionConfigurationPlatforms) = preSolution
		Debug|Any CPU = Debug|Any CPU
		Release|Any CPU = Release|Any CPU
	EndGlobalSection
	GlobalSection(ProjectConfigurationPlatforms) = postSolution
		{45F9DFD5-7278-44E9-8EE8-CAA2997A487A}.Debug|Any CPU.ActiveCfg = Debug|Any CPU
		{45F9DFD5-7278-44E9-8EE8-CAA2997A487A}.Debug|Any CPU.Build.0 = Debug|Any CPU
		{45F9DFD5-7278-44E9-8EE8-CAA2997A487A}.Release|Any CPU.ActiveCfg = Release|Any CPU
		{45F9DFD5-7278-44E9-8EE8-CAA2997A487A}.Release|Any CPU.Build.0 = Release|Any CPU
		{B9320DB2-21D1-4692-ADAD-1371AEB9F407}.Debug|Any CPU.ActiveCfg = Debug|Any CPU
		{B9320DB2-21D1-4692-ADAD-1371AEB9F407}.Debug|Any CPU.Build.0 = Debug|Any CPU
		{B9320DB2-21D1-4692-ADAD-1371AEB9F407}.Release|Any CPU.ActiveCfg = Release|Any CPU
		{B9320DB2-21D1-4692-ADAD-1371AEB9F407}.Release|Any CPU.Build.0 = Release|Any CPU
		{43627555-E534-4B48-A830-AA664ACF81C4}.Debug|Any CPU.ActiveCfg = Debug|Any CPU
		{43627555-E534-4B48-A830-AA664ACF81C4}.Debug|Any CPU.Build.0 = Debug|Any CPU
		{43627555-E534-4B48-A830-AA664ACF81C4}.Release|Any CPU.ActiveCfg = Release|Any CPU
		{43627555-E534-4B48-A830-AA664ACF81C4}.Release|Any CPU.Build.0 = Release|Any CPU
		{0BD31662-5CDA-455D-9523-F7D92685A0FE}.Debug|Any CPU.ActiveCfg = Debug|Any CPU
		{0BD31662-5CDA-455D-9523-F7D92685A0FE}.Debug|Any CPU.Build.0 = Debug|Any CPU
		{0BD31662-5CDA-455D-9523-F7D92685A0FE}.Release|Any CPU.ActiveCfg = Release|Any CPU
		{0BD31662-5CDA-455D-9523-F7D92685A0FE}.Release|Any CPU.Build.0 = Release|Any CPU
		{4E73B596-73D1-403A-9122-1C459F1F420E}.Debug|Any CPU.ActiveCfg = Debug|Any CPU
		{4E73B596-73D1-403A-9122-1C459F1F420E}.Debug|Any CPU.Build.0 = Debug|Any CPU
		{4E73B596-73D1-403A-9122-1C459F1F420E}.Release|Any CPU.ActiveCfg = Release|Any CPU
		{4E73B596-73D1-403A-9122-1C459F1F420E}.Release|Any CPU.Build.0 = Release|Any CPU
		{C0C2FB2E-01C2-4EAE-A829-6CE83BDC4A1F}.Debug|Any CPU.ActiveCfg = Debug|Any CPU
		{C0C2FB2E-01C2-4EAE-A829-6CE83BDC4A1F}.Debug|Any CPU.Build.0 = Debug|Any CPU
		{C0C2FB2E-01C2-4EAE-A829-6CE83BDC4A1F}.Release|Any CPU.ActiveCfg = Release|Any CPU
		{C0C2FB2E-01C2-4EAE-A829-6CE83BDC4A1F}.Release|Any CPU.Build.0 = Release|Any CPU
		{F149AF7D-5CD2-4F58-94C7-A501DC900E75}.Debug|Any CPU.ActiveCfg = Debug|Any CPU
		{F149AF7D-5CD2-4F58-94C7-A501DC900E75}.Debug|Any CPU.Build.0 = Debug|Any CPU
		{F149AF7D-5CD2-4F58-94C7-A501DC900E75}.Release|Any CPU.ActiveCfg = Release|Any CPU
		{F149AF7D-5CD2-4F58-94C7-A501DC900E75}.Release|Any CPU.Build.0 = Release|Any CPU
		{C89D6652-995A-48BE-B459-7616E2C224A0}.Debug|Any CPU.ActiveCfg = Debug|Any CPU
		{C89D6652-995A-48BE-B459-7616E2C224A0}.Debug|Any CPU.Build.0 = Debug|Any CPU
		{C89D6652-995A-48BE-B459-7616E2C224A0}.Release|Any CPU.ActiveCfg = Release|Any CPU
		{C89D6652-995A-48BE-B459-7616E2C224A0}.Release|Any CPU.Build.0 = Release|Any CPU
	EndGlobalSection
	GlobalSection(SolutionProperties) = preSolution
		HideSolutionNode = FALSE
	EndGlobalSection
	GlobalSection(ExtensibilityGlobals) = postSolution
		SolutionGuid = {3B2719D5-A972-456C-8F6A-D40D271F05F2}
	EndGlobalSection
EndGlobal
