
Microsoft Visual Studio Solution File, Format Version 12.00
# Visual Studio Version 17
VisualStudioVersion = 17.6.33829.357
MinimumVisualStudioVersion = 10.0.40219.1
Project("{9A19103F-16F7-4668-BE54-9A1E7A4F7556}") = "StudentsDiary.WinFormsApp", "StudentsDiary.WinFormsApp\StudentsDiary.WinFormsApp.csproj", "{C0C2FB2E-01C2-4EAE-A829-6CE83BDC4A1F}"
EndProject
Project("{9A19103F-16F7-4668-BE54-9A1E7A4F7556}") = "PictureViewer.Homework.WinFormsApp", "PictureViewer.Homework.WinFormsApp\PictureViewer.Homework.WinFormsApp.csproj", "{F149AF7D-5CD2-4F58-94C7-A501DC900E75}"
EndProject
Project("{9A19103F-16F7-4668-BE54-9A1E7A4F7556}") = "StudentsDiary.WpfApp", "StudentsDiary.WpfApp\StudentsDiary.WpfApp.csproj", "{C89D6652-995A-48BE-B459-7616E2C224A0}"
EndProject
Project("{FAE04EC0-301F-11D3-BF4B-00C04F79EFBC}") = "SendReport.ServiceApp", "SendReport.ServiceApp\SendReport.ServiceApp.csproj", "{6896ABEB-2BD6-48EE-8007-79EE033EE3D9}"
EndProject
Project("{9A19103F-16F7-4668-BE54-9A1E7A4F7556}") = "EmailSender.Lib", "EmailSender.Lib\EmailSender.Lib.csproj", "{50ABBCCC-8D54-47D4-96B9-71C2D3645858}"
EndProject
Project("{9A19103F-16F7-4668-BE54-9A1E7A4F7556}") = "TextEncryption.Lib", "TextEncryption.Lib\TextEncryption.Lib.csproj", "{13723712-006B-4735-9D03-350062815CD4}"
EndProject
Project("{9A19103F-16F7-4668-BE54-9A1E7A4F7556}") = "HumanResources.Homework.WpfApp", "HumanResources.Homework.WpfApp\HumanResources.Homework.WpfApp.csproj", "{3D4E961A-8F6E-4199-A4B7-DE85606AE2B5}"
EndProject
Project("{9A19103F-16F7-4668-BE54-9A1E7A4F7556}") = "MyTasks.WebApp", "MyTasks.WebApp\MyTasks.WebApp.csproj", "{ABD6E83E-1342-4125-AEC8-D0F4EA4EDB2E}"
EndProject
Project("{9A19103F-16F7-4668-BE54-9A1E7A4F7556}") = "MyFinances.WebApi", "MyFinances.WebApi\MyFinances.WebApi.csproj", "{09C16FFA-64B4-4B41-9D95-B6D6F3F75704}"
EndProject
Project("{9A19103F-16F7-4668-BE54-9A1E7A4F7556}") = "Advertisements.WebApp", "Advertisements.WebApp\Advertisements.WebApp.csproj", "{3FBD324A-ACB3-4574-8426-CC2CB40AC1B5}"
EndProject
Project("{FAE04EC0-301F-11D3-BF4B-00C04F79EFBC}") = "SimpleConsoleApps.UnitTests", "SimpleConsoleApps.UnitTests\SimpleConsoleApps.UnitTests.csproj", "{31D06AB3-13CA-4E44-A282-5EE9D89F671C}"
EndProject
Project("{FAE04EC0-301F-11D3-BF4B-00C04F79EFBC}") = "InvoiceManager.WebApp", "InvoiceManager.WebApp\InvoiceManager.WebApp.csproj", "{2EF2FA42-9AB3-4121-AC6E-1F707FE68F83}"
EndProject
Project("{FAE04EC0-301F-11D3-BF4B-00C04F79EFBC}") = "SimpleConsoleApps.ConsoleApp", "SimpleConsoleApps.ConsoleApp\SimpleConsoleApps.ConsoleApp.csproj", "{6BD30E5E-0BE3-4C45-BA12-10B6799A9FAD}"
EndProject
Project("{FAE04EC0-301F-11D3-BF4B-00C04F79EFBC}") = "SendEmail.WebApp", "SendEmail.WebApp\SendEmail.WebApp.csproj", "{20DE5B1D-568C-4BF4-B5A1-47E13AC23EE7}"
EndProject
Global
	GlobalSection(SolutionConfigurationPlatforms) = preSolution
		Debug|Any CPU = Debug|Any CPU
		Release|Any CPU = Release|Any CPU
	EndGlobalSection
	GlobalSection(ProjectConfigurationPlatforms) = postSolution
		{C0C2FB2E-01C2-4EAE-A829-6CE83BDC4A1F}.Debug|Any CPU.ActiveCfg = Debug|Any CPU
		{C0C2FB2E-01C2-4EAE-A829-6CE83BDC4A1F}.Debug|Any CPU.Build.0 = Debug|Any CPU
		{C0C2FB2E-01C2-4EAE-A829-6CE83BDC4A1F}.Release|Any CPU.ActiveCfg = Release|Any CPU
		{C0C2FB2E-01C2-4EAE-A829-6CE83BDC4A1F}.Release|Any CPU.Build.0 = Release|Any CPU
		{F149AF7D-5CD2-4F58-94C7-A501DC900E75}.Debug|Any CPU.ActiveCfg = Debug|Any CPU
		{F149AF7D-5CD2-4F58-94C7-A501DC900E75}.Debug|Any CPU.Build.0 = Debug|Any CPU
		{F149AF7D-5CD2-4F58-94C7-A501DC900E75}.Release|Any CPU.ActiveCfg = Release|Any CPU
		{F149AF7D-5CD2-4F58-94C7-A501DC900E75}.Release|Any CPU.Build.0 = Release|Any CPU
		{C89D6652-995A-48BE-B459-7616E2C224A0}.Debug|Any CPU.ActiveCfg = Debug|Any CPU
		{C89D6652-995A-48BE-B459-7616E2C224A0}.Debug|Any CPU.Build.0 = Debug|Any CPU
		{C89D6652-995A-48BE-B459-7616E2C224A0}.Release|Any CPU.ActiveCfg = Release|Any CPU
		{C89D6652-995A-48BE-B459-7616E2C224A0}.Release|Any CPU.Build.0 = Release|Any CPU
		{6896ABEB-2BD6-48EE-8007-79EE033EE3D9}.Debug|Any CPU.ActiveCfg = Debug|Any CPU
		{6896ABEB-2BD6-48EE-8007-79EE033EE3D9}.Debug|Any CPU.Build.0 = Debug|Any CPU
		{6896ABEB-2BD6-48EE-8007-79EE033EE3D9}.Release|Any CPU.ActiveCfg = Release|Any CPU
		{6896ABEB-2BD6-48EE-8007-79EE033EE3D9}.Release|Any CPU.Build.0 = Release|Any CPU
		{50ABBCCC-8D54-47D4-96B9-71C2D3645858}.Debug|Any CPU.ActiveCfg = Debug|Any CPU
		{50ABBCCC-8D54-47D4-96B9-71C2D3645858}.Debug|Any CPU.Build.0 = Debug|Any CPU
		{50ABBCCC-8D54-47D4-96B9-71C2D3645858}.Release|Any CPU.ActiveCfg = Release|Any CPU
		{50ABBCCC-8D54-47D4-96B9-71C2D3645858}.Release|Any CPU.Build.0 = Release|Any CPU
		{13723712-006B-4735-9D03-350062815CD4}.Debug|Any CPU.ActiveCfg = Debug|Any CPU
		{13723712-006B-4735-9D03-350062815CD4}.Debug|Any CPU.Build.0 = Debug|Any CPU
		{13723712-006B-4735-9D03-350062815CD4}.Release|Any CPU.ActiveCfg = Release|Any CPU
		{13723712-006B-4735-9D03-350062815CD4}.Release|Any CPU.Build.0 = Release|Any CPU
		{3D4E961A-8F6E-4199-A4B7-DE85606AE2B5}.Debug|Any CPU.ActiveCfg = Debug|Any CPU
		{3D4E961A-8F6E-4199-A4B7-DE85606AE2B5}.Debug|Any CPU.Build.0 = Debug|Any CPU
		{3D4E961A-8F6E-4199-A4B7-DE85606AE2B5}.Release|Any CPU.ActiveCfg = Release|Any CPU
		{3D4E961A-8F6E-4199-A4B7-DE85606AE2B5}.Release|Any CPU.Build.0 = Release|Any CPU
		{ABD6E83E-1342-4125-AEC8-D0F4EA4EDB2E}.Debug|Any CPU.ActiveCfg = Debug|Any CPU
		{ABD6E83E-1342-4125-AEC8-D0F4EA4EDB2E}.Debug|Any CPU.Build.0 = Debug|Any CPU
		{ABD6E83E-1342-4125-AEC8-D0F4EA4EDB2E}.Release|Any CPU.ActiveCfg = Release|Any CPU
		{ABD6E83E-1342-4125-AEC8-D0F4EA4EDB2E}.Release|Any CPU.Build.0 = Release|Any CPU
		{09C16FFA-64B4-4B41-9D95-B6D6F3F75704}.Debug|Any CPU.ActiveCfg = Debug|Any CPU
		{09C16FFA-64B4-4B41-9D95-B6D6F3F75704}.Debug|Any CPU.Build.0 = Debug|Any CPU
		{09C16FFA-64B4-4B41-9D95-B6D6F3F75704}.Release|Any CPU.ActiveCfg = Release|Any CPU
		{09C16FFA-64B4-4B41-9D95-B6D6F3F75704}.Release|Any CPU.Build.0 = Release|Any CPU
		{3FBD324A-ACB3-4574-8426-CC2CB40AC1B5}.Debug|Any CPU.ActiveCfg = Debug|Any CPU
		{3FBD324A-ACB3-4574-8426-CC2CB40AC1B5}.Debug|Any CPU.Build.0 = Debug|Any CPU
		{3FBD324A-ACB3-4574-8426-CC2CB40AC1B5}.Release|Any CPU.ActiveCfg = Release|Any CPU
		{3FBD324A-ACB3-4574-8426-CC2CB40AC1B5}.Release|Any CPU.Build.0 = Release|Any CPU
		{31D06AB3-13CA-4E44-A282-5EE9D89F671C}.Debug|Any CPU.ActiveCfg = Debug|Any CPU
		{31D06AB3-13CA-4E44-A282-5EE9D89F671C}.Debug|Any CPU.Build.0 = Debug|Any CPU
		{31D06AB3-13CA-4E44-A282-5EE9D89F671C}.Release|Any CPU.ActiveCfg = Release|Any CPU
		{31D06AB3-13CA-4E44-A282-5EE9D89F671C}.Release|Any CPU.Build.0 = Release|Any CPU
		{2EF2FA42-9AB3-4121-AC6E-1F707FE68F83}.Debug|Any CPU.ActiveCfg = Debug|Any CPU
		{2EF2FA42-9AB3-4121-AC6E-1F707FE68F83}.Debug|Any CPU.Build.0 = Debug|Any CPU
		{2EF2FA42-9AB3-4121-AC6E-1F707FE68F83}.Release|Any CPU.ActiveCfg = Release|Any CPU
		{2EF2FA42-9AB3-4121-AC6E-1F707FE68F83}.Release|Any CPU.Build.0 = Release|Any CPU
		{6BD30E5E-0BE3-4C45-BA12-10B6799A9FAD}.Debug|Any CPU.ActiveCfg = Debug|Any CPU
		{6BD30E5E-0BE3-4C45-BA12-10B6799A9FAD}.Debug|Any CPU.Build.0 = Debug|Any CPU
		{6BD30E5E-0BE3-4C45-BA12-10B6799A9FAD}.Release|Any CPU.ActiveCfg = Release|Any CPU
		{6BD30E5E-0BE3-4C45-BA12-10B6799A9FAD}.Release|Any CPU.Build.0 = Release|Any CPU
		{20DE5B1D-568C-4BF4-B5A1-47E13AC23EE7}.Debug|Any CPU.ActiveCfg = Debug|Any CPU
		{20DE5B1D-568C-4BF4-B5A1-47E13AC23EE7}.Debug|Any CPU.Build.0 = Debug|Any CPU
		{20DE5B1D-568C-4BF4-B5A1-47E13AC23EE7}.Release|Any CPU.ActiveCfg = Release|Any CPU
		{20DE5B1D-568C-4BF4-B5A1-47E13AC23EE7}.Release|Any CPU.Build.0 = Release|Any CPU
	EndGlobalSection
	GlobalSection(SolutionProperties) = preSolution
		HideSolutionNode = FALSE
	EndGlobalSection
	GlobalSection(ExtensibilityGlobals) = postSolution
		SolutionGuid = {3B2719D5-A972-456C-8F6A-D40D271F05F2}
	EndGlobalSection
EndGlobal
